
Microsoft Visual Studio Solution File, Format Version 12.00
# Visual Studio Version 17
VisualStudioVersion = 17.11.35327.3
MinimumVisualStudioVersion = 10.0.40219.1
Project("{9A19103F-16F7-4668-BE54-9A1E7A4F7556}") = "1. Two Sum", "1-Two-Sum-CSharp\1. Two Sum.csproj", "{7670ED70-F737-4538-8A68-E4540584D80E}"
EndProject
Project("{9A19103F-16F7-4668-BE54-9A1E7A4F7556}") = "2. Add Two Numbers", "2-Add-Two-Numbers-CSharp\2. Add Two Numbers.csproj", "{3280F11E-2A04-44C2-BC96-B0932E860019}"
EndProject
Project("{9A19103F-16F7-4668-BE54-9A1E7A4F7556}") = "3. Longest Substring Without Repeating Characters", "3-Longest-Substring-Without-Repeating-Characters-CSharp\3. Longest Substring Without Repeating Characters.csproj", "{6D09196E-736F-41E2-9306-866F940A9267}"
EndProject
Project("{9A19103F-16F7-4668-BE54-9A1E7A4F7556}") = "4. Median of Two Sorted Arrays", "4-Median-of-Two-Sorted-Arrays-CSharp\4. Median of Two Sorted Arrays.csproj", "{8AE9AFFD-AA45-4DEE-9922-F51866A15502}"
EndProject
Project("{9A19103F-16F7-4668-BE54-9A1E7A4F7556}") = "5. Longest Palindromic Substring", "5-Longest-Palindromic-Substring-CSharp\5. Longest Palindromic Substring.csproj", "{6ACB48B7-C26D-450C-B66F-0008AF0F210F}"
EndProject
Project("{9A19103F-16F7-4668-BE54-9A1E7A4F7556}") = "6. Zigzag Conversion", "6-Zigzag-Conversion-CSharp\6. Zigzag Conversion.csproj", "{3A41DE63-50B1-4033-B287-FB6040B11E81}"
EndProject
Project("{9A19103F-16F7-4668-BE54-9A1E7A4F7556}") = "7. Reverse Integer", "7-Reverse-Integer-CSharp\7. Reverse Integer.csproj", "{72D2B5D2-864F-4719-83C0-23F4207835E1}"
EndProject
Global
	GlobalSection(SolutionConfigurationPlatforms) = preSolution
		Debug|Any CPU = Debug|Any CPU
		Release|Any CPU = Release|Any CPU
	EndGlobalSection
	GlobalSection(ProjectConfigurationPlatforms) = postSolution
		{7670ED70-F737-4538-8A68-E4540584D80E}.Debug|Any CPU.ActiveCfg = Debug|Any CPU
		{7670ED70-F737-4538-8A68-E4540584D80E}.Debug|Any CPU.Build.0 = Debug|Any CPU
		{7670ED70-F737-4538-8A68-E4540584D80E}.Release|Any CPU.ActiveCfg = Release|Any CPU
		{7670ED70-F737-4538-8A68-E4540584D80E}.Release|Any CPU.Build.0 = Release|Any CPU
		{3280F11E-2A04-44C2-BC96-B0932E860019}.Debug|Any CPU.ActiveCfg = Debug|Any CPU
		{3280F11E-2A04-44C2-BC96-B0932E860019}.Debug|Any CPU.Build.0 = Debug|Any CPU
		{3280F11E-2A04-44C2-BC96-B0932E860019}.Release|Any CPU.ActiveCfg = Release|Any CPU
		{3280F11E-2A04-44C2-BC96-B0932E860019}.Release|Any CPU.Build.0 = Release|Any CPU
		{6D09196E-736F-41E2-9306-866F940A9267}.Debug|Any CPU.ActiveCfg = Debug|Any CPU
		{6D09196E-736F-41E2-9306-866F940A9267}.Debug|Any CPU.Build.0 = Debug|Any CPU
		{6D09196E-736F-41E2-9306-866F940A9267}.Release|Any CPU.ActiveCfg = Release|Any CPU
		{6D09196E-736F-41E2-9306-866F940A9267}.Release|Any CPU.Build.0 = Release|Any CPU
		{8AE9AFFD-AA45-4DEE-9922-F51866A15502}.Debug|Any CPU.ActiveCfg = Debug|Any CPU
		{8AE9AFFD-AA45-4DEE-9922-F51866A15502}.Debug|Any CPU.Build.0 = Debug|Any CPU
		{8AE9AFFD-AA45-4DEE-9922-F51866A15502}.Release|Any CPU.ActiveCfg = Release|Any CPU
		{8AE9AFFD-AA45-4DEE-9922-F51866A15502}.Release|Any CPU.Build.0 = Release|Any CPU
		{6ACB48B7-C26D-450C-B66F-0008AF0F210F}.Debug|Any CPU.ActiveCfg = Debug|Any CPU
		{6ACB48B7-C26D-450C-B66F-0008AF0F210F}.Debug|Any CPU.Build.0 = Debug|Any CPU
		{6ACB48B7-C26D-450C-B66F-0008AF0F210F}.Release|Any CPU.ActiveCfg = Release|Any CPU
		{6ACB48B7-C26D-450C-B66F-0008AF0F210F}.Release|Any CPU.Build.0 = Release|Any CPU
		{3A41DE63-50B1-4033-B287-FB6040B11E81}.Debug|Any CPU.ActiveCfg = Debug|Any CPU
		{3A41DE63-50B1-4033-B287-FB6040B11E81}.Debug|Any CPU.Build.0 = Debug|Any CPU
		{3A41DE63-50B1-4033-B287-FB6040B11E81}.Release|Any CPU.ActiveCfg = Release|Any CPU
		{3A41DE63-50B1-4033-B287-FB6040B11E81}.Release|Any CPU.Build.0 = Release|Any CPU
		{72D2B5D2-864F-4719-83C0-23F4207835E1}.Debug|Any CPU.ActiveCfg = Debug|Any CPU
		{72D2B5D2-864F-4719-83C0-23F4207835E1}.Debug|Any CPU.Build.0 = Debug|Any CPU
		{72D2B5D2-864F-4719-83C0-23F4207835E1}.Release|Any CPU.ActiveCfg = Release|Any CPU
		{72D2B5D2-864F-4719-83C0-23F4207835E1}.Release|Any CPU.Build.0 = Release|Any CPU
	EndGlobalSection
	GlobalSection(SolutionProperties) = preSolution
		HideSolutionNode = FALSE
	EndGlobalSection
	GlobalSection(ExtensibilityGlobals) = postSolution
		SolutionGuid = {4670B111-41E7-4F61-857A-AFC241B58B01}
	EndGlobalSection
EndGlobal
